
Microsoft Visual Studio Solution File, Format Version 12.00
# Visual Studio Version 16
VisualStudioVersion = 16.0.31410.357
MinimumVisualStudioVersion = 10.0.40219.1
Project("{FAE04EC0-301F-11D3-BF4B-00C04F79EFBC}") = "DeliveryApp.UWP", "DeliveryApp\DeliveryApp.UWP\DeliveryApp.UWP.csproj", "{960A8FDA-3486-411A-85E2-671283F9A5F9}"
EndProject
Project("{FAE04EC0-301F-11D3-BF4B-00C04F79EFBC}") = "DeliveryApp.Android", "DeliveryApp\DeliveryApp.Android\DeliveryApp.Android.csproj", "{B58CA635-D389-40F1-BF4F-7A448772994F}"
EndProject
Project("{FAE04EC0-301F-11D3-BF4B-00C04F79EFBC}") = "DeliveryApp.iOS", "DeliveryApp\DeliveryApp.iOS\DeliveryApp.iOS.csproj", "{8DC09F3C-D7CB-44C4-A61E-41C8B75AA771}"
EndProject
Project("{FAE04EC0-301F-11D3-BF4B-00C04F79EFBC}") = "DeliveryApp", "DeliveryApp\DeliveryApp\DeliveryApp.csproj", "{B95E6F6F-B819-42A9-AC64-1E9AE32296C2}"
EndProject
Global
	GlobalSection(SolutionConfigurationPlatforms) = preSolution
		Debug|Any CPU = Debug|Any CPU
		Debug|ARM = Debug|ARM
		Debug|iPhone = Debug|iPhone
		Debug|iPhoneSimulator = Debug|iPhoneSimulator
		Debug|x64 = Debug|x64
		Debug|x86 = Debug|x86
		Release|Any CPU = Release|Any CPU
		Release|ARM = Release|ARM
		Release|iPhone = Release|iPhone
		Release|iPhoneSimulator = Release|iPhoneSimulator
		Release|x64 = Release|x64
		Release|x86 = Release|x86
	EndGlobalSection
	GlobalSection(ProjectConfigurationPlatforms) = postSolution
		{960A8FDA-3486-411A-85E2-671283F9A5F9}.Debug|Any CPU.ActiveCfg = Debug|x86
		{960A8FDA-3486-411A-85E2-671283F9A5F9}.Debug|Any CPU.Build.0 = Debug|x86
		{960A8FDA-3486-411A-85E2-671283F9A5F9}.Debug|Any CPU.Deploy.0 = Debug|x86
		{960A8FDA-3486-411A-85E2-671283F9A5F9}.Debug|ARM.ActiveCfg = Debug|ARM
		{960A8FDA-3486-411A-85E2-671283F9A5F9}.Debug|ARM.Build.0 = Debug|ARM
		{960A8FDA-3486-411A-85E2-671283F9A5F9}.Debug|ARM.Deploy.0 = Debug|ARM
		{960A8FDA-3486-411A-85E2-671283F9A5F9}.Debug|iPhone.ActiveCfg = Debug|x86
		{960A8FDA-3486-411A-85E2-671283F9A5F9}.Debug|iPhone.Build.0 = Debug|x86
		{960A8FDA-3486-411A-85E2-671283F9A5F9}.Debug|iPhone.Deploy.0 = Debug|x86
		{960A8FDA-3486-411A-85E2-671283F9A5F9}.Debug|iPhoneSimulator.ActiveCfg = Debug|x86
		{960A8FDA-3486-411A-85E2-671283F9A5F9}.Debug|iPhoneSimulator.Build.0 = Debug|x86
		{960A8FDA-3486-411A-85E2-671283F9A5F9}.Debug|iPhoneSimulator.Deploy.0 = Debug|x86
		{960A8FDA-3486-411A-85E2-671283F9A5F9}.Debug|x64.ActiveCfg = Debug|x64
		{960A8FDA-3486-411A-85E2-671283F9A5F9}.Debug|x64.Build.0 = Debug|x64
		{960A8FDA-3486-411A-85E2-671283F9A5F9}.Debug|x64.Deploy.0 = Debug|x64
		{960A8FDA-3486-411A-85E2-671283F9A5F9}.Debug|x86.ActiveCfg = Debug|x86
		{960A8FDA-3486-411A-85E2-671283F9A5F9}.Debug|x86.Build.0 = Debug|x86
		{960A8FDA-3486-411A-85E2-671283F9A5F9}.Debug|x86.Deploy.0 = Debug|x86
		{960A8FDA-3486-411A-85E2-671283F9A5F9}.Release|Any CPU.ActiveCfg = Release|x86
		{960A8FDA-3486-411A-85E2-671283F9A5F9}.Release|Any CPU.Build.0 = Release|x86
		{960A8FDA-3486-411A-85E2-671283F9A5F9}.Release|Any CPU.Deploy.0 = Release|x86
		{960A8FDA-3486-411A-85E2-671283F9A5F9}.Release|ARM.ActiveCfg = Release|ARM
		{960A8FDA-3486-411A-85E2-671283F9A5F9}.Release|ARM.Build.0 = Release|ARM
		{960A8FDA-3486-411A-85E2-671283F9A5F9}.Release|ARM.Deploy.0 = Release|ARM
		{960A8FDA-3486-411A-85E2-671283F9A5F9}.Release|iPhone.ActiveCfg = Release|x86
		{960A8FDA-3486-411A-85E2-671283F9A5F9}.Release|iPhone.Build.0 = Release|x86
		{960A8FDA-3486-411A-85E2-671283F9A5F9}.Release|iPhone.Deploy.0 = Release|x86
		{960A8FDA-3486-411A-85E2-671283F9A5F9}.Release|iPhoneSimulator.ActiveCfg = Release|x86
		{960A8FDA-3486-411A-85E2-671283F9A5F9}.Release|iPhoneSimulator.Build.0 = Release|x86
		{960A8FDA-3486-411A-85E2-671283F9A5F9}.Release|iPhoneSimulator.Deploy.0 = Release|x86
		{960A8FDA-3486-411A-85E2-671283F9A5F9}.Release|x64.ActiveCfg = Release|x64
		{960A8FDA-3486-411A-85E2-671283F9A5F9}.Release|x64.Build.0 = Release|x64
		{960A8FDA-3486-411A-85E2-671283F9A5F9}.Release|x64.Deploy.0 = Release|x64
		{960A8FDA-3486-411A-85E2-671283F9A5F9}.Release|x86.ActiveCfg = Release|x86
		{960A8FDA-3486-411A-85E2-671283F9A5F9}.Release|x86.Build.0 = Release|x86
		{960A8FDA-3486-411A-85E2-671283F9A5F9}.Release|x86.Deploy.0 = Release|x86
		{B58CA635-D389-40F1-BF4F-7A448772994F}.Debug|Any CPU.ActiveCfg = Debug|Any CPU
		{B58CA635-D389-40F1-BF4F-7A448772994F}.Debug|Any CPU.Build.0 = Debug|Any CPU
		{B58CA635-D389-40F1-BF4F-7A448772994F}.Debug|Any CPU.Deploy.0 = Debug|Any CPU
		{B58CA635-D389-40F1-BF4F-7A448772994F}.Debug|ARM.ActiveCfg = Debug|Any CPU
		{B58CA635-D389-40F1-BF4F-7A448772994F}.Debug|ARM.Build.0 = Debug|Any CPU
		{B58CA635-D389-40F1-BF4F-7A448772994F}.Debug|ARM.Deploy.0 = Debug|Any CPU
		{B58CA635-D389-40F1-BF4F-7A448772994F}.Debug|iPhone.ActiveCfg = Debug|Any CPU
		{B58CA635-D389-40F1-BF4F-7A448772994F}.Debug|iPhone.Build.0 = Debug|Any CPU
		{B58CA635-D389-40F1-BF4F-7A448772994F}.Debug|iPhone.Deploy.0 = Debug|Any CPU
		{B58CA635-D389-40F1-BF4F-7A448772994F}.Debug|iPhoneSimulator.ActiveCfg = Debug|Any CPU
		{B58CA635-D389-40F1-BF4F-7A448772994F}.Debug|iPhoneSimulator.Build.0 = Debug|Any CPU
		{B58CA635-D389-40F1-BF4F-7A448772994F}.Debug|iPhoneSimulator.Deploy.0 = Debug|Any CPU
		{B58CA635-D389-40F1-BF4F-7A448772994F}.Debug|x64.ActiveCfg = Debug|Any CPU
		{B58CA635-D389-40F1-BF4F-7A448772994F}.Debug|x64.Build.0 = Debug|Any CPU
		{B58CA635-D389-40F1-BF4F-7A448772994F}.Debug|x64.Deploy.0 = Debug|Any CPU
		{B58CA635-D389-40F1-BF4F-7A448772994F}.Debug|x86.ActiveCfg = Debug|Any CPU
		{B58CA635-D389-40F1-BF4F-7A448772994F}.Debug|x86.Build.0 = Debug|Any CPU
		{B58CA635-D389-40F1-BF4F-7A448772994F}.Debug|x86.Deploy.0 = Debug|Any CPU
		{B58CA635-D389-40F1-BF4F-7A448772994F}.Release|Any CPU.ActiveCfg = Release|Any CPU
		{B58CA635-D389-40F1-BF4F-7A448772994F}.Release|Any CPU.Build.0 = Release|Any CPU
		{B58CA635-D389-40F1-BF4F-7A448772994F}.Release|Any CPU.Deploy.0 = Release|Any CPU
		{B58CA635-D389-40F1-BF4F-7A448772994F}.Release|ARM.ActiveCfg = Release|Any CPU
		{B58CA635-D389-40F1-BF4F-7A448772994F}.Release|ARM.Build.0 = Release|Any CPU
		{B58CA635-D389-40F1-BF4F-7A448772994F}.Release|ARM.Deploy.0 = Release|Any CPU
		{B58CA635-D389-40F1-BF4F-7A448772994F}.Release|iPhone.ActiveCfg = Release|Any CPU
		{B58CA635-D389-40F1-BF4F-7A448772994F}.Release|iPhone.Build.0 = Release|Any CPU
		{B58CA635-D389-40F1-BF4F-7A448772994F}.Release|iPhone.Deploy.0 = Release|Any CPU
		{B58CA635-D389-40F1-BF4F-7A448772994F}.Release|iPhoneSimulator.ActiveCfg = Release|Any CPU
		{B58CA635-D389-40F1-BF4F-7A448772994F}.Release|iPhoneSimulator.Build.0 = Release|Any CPU
		{B58CA635-D389-40F1-BF4F-7A448772994F}.Release|iPhoneSimulator.Deploy.0 = Release|Any CPU
		{B58CA635-D389-40F1-BF4F-7A448772994F}.Release|x64.ActiveCfg = Release|Any CPU
		{B58CA635-D389-40F1-BF4F-7A448772994F}.Release|x64.Build.0 = Release|Any CPU
		{B58CA635-D389-40F1-BF4F-7A448772994F}.Release|x64.Deploy.0 = Release|Any CPU
		{B58CA635-D389-40F1-BF4F-7A448772994F}.Release|x86.ActiveCfg = Release|Any CPU
		{B58CA635-D389-40F1-BF4F-7A448772994F}.Release|x86.Build.0 = Release|Any CPU
		{B58CA635-D389-40F1-BF4F-7A448772994F}.Release|x86.Deploy.0 = Release|Any CPU
		{8DC09F3C-D7CB-44C4-A61E-41C8B75AA771}.Debug|Any CPU.ActiveCfg = Debug|iPhoneSimulator
		{8DC09F3C-D7CB-44C4-A61E-41C8B75AA771}.Debug|Any CPU.Build.0 = Debug|iPhoneSimulator
		{8DC09F3C-D7CB-44C4-A61E-41C8B75AA771}.Debug|Any CPU.Deploy.0 = Debug|iPhoneSimulator
		{8DC09F3C-D7CB-44C4-A61E-41C8B75AA771}.Debug|ARM.ActiveCfg = Debug|iPhone
		{8DC09F3C-D7CB-44C4-A61E-41C8B75AA771}.Debug|ARM.Build.0 = Debug|iPhone
		{8DC09F3C-D7CB-44C4-A61E-41C8B75AA771}.Debug|ARM.Deploy.0 = Debug|iPhone
		{8DC09F3C-D7CB-44C4-A61E-41C8B75AA771}.Debug|iPhone.ActiveCfg = Debug|iPhone
		{8DC09F3C-D7CB-44C4-A61E-41C8B75AA771}.Debug|iPhone.Build.0 = Debug|iPhone
		{8DC09F3C-D7CB-44C4-A61E-41C8B75AA771}.Debug|iPhone.Deploy.0 = Debug|iPhone
		{8DC09F3C-D7CB-44C4-A61E-41C8B75AA771}.Debug|iPhoneSimulator.ActiveCfg = Debug|iPhoneSimulator
		{8DC09F3C-D7CB-44C4-A61E-41C8B75AA771}.Debug|iPhoneSimulator.Build.0 = Debug|iPhoneSimulator
		{8DC09F3C-D7CB-44C4-A61E-41C8B75AA771}.Debug|iPhoneSimulator.Deploy.0 = Debug|iPhoneSimulator
		{8DC09F3C-D7CB-44C4-A61E-41C8B75AA771}.Debug|x64.ActiveCfg = Debug|iPhoneSimulator
		{8DC09F3C-D7CB-44C4-A61E-41C8B75AA771}.Debug|x64.Build.0 = Debug|iPhoneSimulator
		{8DC09F3C-D7CB-44C4-A61E-41C8B75AA771}.Debug|x64.Deploy.0 = Debug|iPhoneSimulator
		{8DC09F3C-D7CB-44C4-A61E-41C8B75AA771}.Debug|x86.ActiveCfg = Debug|iPhoneSimulator
		{8DC09F3C-D7CB-44C4-A61E-41C8B75AA771}.Debug|x86.Build.0 = Debug|iPhoneSimulator
		{8DC09F3C-D7CB-44C4-A61E-41C8B75AA771}.Debug|x86.Deploy.0 = Debug|iPhoneSimulator
		{8DC09F3C-D7CB-44C4-A61E-41C8B75AA771}.Release|Any CPU.ActiveCfg = Release|iPhoneSimulator
		{8DC09F3C-D7CB-44C4-A61E-41C8B75AA771}.Release|Any CPU.Build.0 = Release|iPhoneSimulator
		{8DC09F3C-D7CB-44C4-A61E-41C8B75AA771}.Release|Any CPU.Deploy.0 = Release|iPhoneSimulator
		{8DC09F3C-D7CB-44C4-A61E-41C8B75AA771}.Release|ARM.ActiveCfg = Release|iPhoneSimulator
		{8DC09F3C-D7CB-44C4-A61E-41C8B75AA771}.Release|ARM.Build.0 = Release|iPhoneSimulator
		{8DC09F3C-D7CB-44C4-A61E-41C8B75AA771}.Release|ARM.Deploy.0 = Release|iPhoneSimulator
		{8DC09F3C-D7CB-44C4-A61E-41C8B75AA771}.Release|iPhone.ActiveCfg = Release|iPhone
		{8DC09F3C-D7CB-44C4-A61E-41C8B75AA771}.Release|iPhone.Build.0 = Release|iPhone
		{8DC09F3C-D7CB-44C4-A61E-41C8B75AA771}.Release|iPhone.Deploy.0 = Release|iPhone
		{8DC09F3C-D7CB-44C4-A61E-41C8B75AA771}.Release|iPhoneSimulator.ActiveCfg = Release|iPhoneSimulator
		{8DC09F3C-D7CB-44C4-A61E-41C8B75AA771}.Release|iPhoneSimulator.Build.0 = Release|iPhoneSimulator
		{8DC09F3C-D7CB-44C4-A61E-41C8B75AA771}.Release|iPhoneSimulator.Deploy.0 = Release|iPhoneSimulator
		{8DC09F3C-D7CB-44C4-A61E-41C8B75AA771}.Release|x64.ActiveCfg = Release|iPhoneSimulator
		{8DC09F3C-D7CB-44C4-A61E-41C8B75AA771}.Release|x64.Build.0 = Release|iPhoneSimulator
		{8DC09F3C-D7CB-44C4-A61E-41C8B75AA771}.Release|x64.Deploy.0 = Release|iPhoneSimulator
		{8DC09F3C-D7CB-44C4-A61E-41C8B75AA771}.Release|x86.ActiveCfg = Release|iPhoneSimulator
		{8DC09F3C-D7CB-44C4-A61E-41C8B75AA771}.Release|x86.Build.0 = Release|iPhoneSimulator
		{8DC09F3C-D7CB-44C4-A61E-41C8B75AA771}.Release|x86.Deploy.0 = Release|iPhoneSimulator
		{B95E6F6F-B819-42A9-AC64-1E9AE32296C2}.Debug|Any CPU.ActiveCfg = Debug|Any CPU
		{B95E6F6F-B819-42A9-AC64-1E9AE32296C2}.Debug|Any CPU.Build.0 = Debug|Any CPU
		{B95E6F6F-B819-42A9-AC64-1E9AE32296C2}.Debug|Any CPU.Deploy.0 = Debug|Any CPU
		{B95E6F6F-B819-42A9-AC64-1E9AE32296C2}.Debug|ARM.ActiveCfg = Debug|Any CPU
		{B95E6F6F-B819-42A9-AC64-1E9AE32296C2}.Debug|ARM.Build.0 = Debug|Any CPU
		{B95E6F6F-B819-42A9-AC64-1E9AE32296C2}.Debug|ARM.Deploy.0 = Debug|Any CPU
		{B95E6F6F-B819-42A9-AC64-1E9AE32296C2}.Debug|iPhone.ActiveCfg = Debug|Any CPU
		{B95E6F6F-B819-42A9-AC64-1E9AE32296C2}.Debug|iPhone.Build.0 = Debug|Any CPU
		{B95E6F6F-B819-42A9-AC64-1E9AE32296C2}.Debug|iPhone.Deploy.0 = Debug|Any CPU
		{B95E6F6F-B819-42A9-AC64-1E9AE32296C2}.Debug|iPhoneSimulator.ActiveCfg = Debug|Any CPU
		{B95E6F6F-B819-42A9-AC64-1E9AE32296C2}.Debug|iPhoneSimulator.Build.0 = Debug|Any CPU
		{B95E6F6F-B819-42A9-AC64-1E9AE32296C2}.Debug|iPhoneSimulator.Deploy.0 = Debug|Any CPU
		{B95E6F6F-B819-42A9-AC64-1E9AE32296C2}.Debug|x64.ActiveCfg = Debug|Any CPU
		{B95E6F6F-B819-42A9-AC64-1E9AE32296C2}.Debug|x64.Build.0 = Debug|Any CPU
		{B95E6F6F-B819-42A9-AC64-1E9AE32296C2}.Debug|x64.Deploy.0 = Debug|Any CPU
		{B95E6F6F-B819-42A9-AC64-1E9AE32296C2}.Debug|x86.ActiveCfg = Debug|Any CPU
		{B95E6F6F-B819-42A9-AC64-1E9AE32296C2}.Debug|x86.Build.0 = Debug|Any CPU
		{B95E6F6F-B819-42A9-AC64-1E9AE32296C2}.Debug|x86.Deploy.0 = Debug|Any CPU
		{B95E6F6F-B819-42A9-AC64-1E9AE32296C2}.Release|Any CPU.ActiveCfg = Release|Any CPU
		{B95E6F6F-B819-42A9-AC64-1E9AE32296C2}.Release|Any CPU.Build.0 = Release|Any CPU
		{B95E6F6F-B819-42A9-AC64-1E9AE32296C2}.Release|Any CPU.Deploy.0 = Release|Any CPU
		{B95E6F6F-B819-42A9-AC64-1E9AE32296C2}.Release|ARM.ActiveCfg = Release|Any CPU
		{B95E6F6F-B819-42A9-AC64-1E9AE32296C2}.Release|ARM.Build.0 = Release|Any CPU
		{B95E6F6F-B819-42A9-AC64-1E9AE32296C2}.Release|ARM.Deploy.0 = Release|Any CPU
		{B95E6F6F-B819-42A9-AC64-1E9AE32296C2}.Release|iPhone.ActiveCfg = Release|Any CPU
		{B95E6F6F-B819-42A9-AC64-1E9AE32296C2}.Release|iPhone.Build.0 = Release|Any CPU
		{B95E6F6F-B819-42A9-AC64-1E9AE32296C2}.Release|iPhone.Deploy.0 = Release|Any CPU
		{B95E6F6F-B819-42A9-AC64-1E9AE32296C2}.Release|iPhoneSimulator.ActiveCfg = Release|Any CPU
		{B95E6F6F-B819-42A9-AC64-1E9AE32296C2}.Release|iPhoneSimulator.Build.0 = Release|Any CPU
		{B95E6F6F-B819-42A9-AC64-1E9AE32296C2}.Release|iPhoneSimulator.Deploy.0 = Release|Any CPU
		{B95E6F6F-B819-42A9-AC64-1E9AE32296C2}.Release|x64.ActiveCfg = Release|Any CPU
		{B95E6F6F-B819-42A9-AC64-1E9AE32296C2}.Release|x64.Build.0 = Release|Any CPU
		{B95E6F6F-B819-42A9-AC64-1E9AE32296C2}.Release|x64.Deploy.0 = Release|Any CPU
		{B95E6F6F-B819-42A9-AC64-1E9AE32296C2}.Release|x86.ActiveCfg = Release|Any CPU
		{B95E6F6F-B819-42A9-AC64-1E9AE32296C2}.Release|x86.Build.0 = Release|Any CPU
		{B95E6F6F-B819-42A9-AC64-1E9AE32296C2}.Release|x86.Deploy.0 = Release|Any CPU
	EndGlobalSection
	GlobalSection(SolutionProperties) = preSolution
		HideSolutionNode = FALSE
	EndGlobalSection
	GlobalSection(ExtensibilityGlobals) = postSolution
		SolutionGuid = {E8C8EC66-C650-425E-B24C-7970CAB79951}
	EndGlobalSection
EndGlobal
